
Microsoft Visual Studio Solution File, Format Version 12.00
# Visual Studio Version 16
VisualStudioVersion = 16.0.30320.27
MinimumVisualStudioVersion = 10.0.40219.1
Project("{FAE04EC0-301F-11D3-BF4B-00C04F79EFBC}") = "Action", "Action\Action.csproj", "{FC93C9E7-9AA6-41E1-A5C8-0805CB147743}"
EndProject
Global
	GlobalSection(SolutionConfigurationPlatforms) = preSolution
		Debug|Any CPU = Debug|Any CPU
		Release|Any CPU = Release|Any CPU
	EndGlobalSection
	GlobalSection(ProjectConfigurationPlatforms) = postSolution
		{FC93C9E7-9AA6-41E1-A5C8-0805CB147743}.Debug|Any CPU.ActiveCfg = Debug|Any CPU
		{FC93C9E7-9AA6-41E1-A5C8-0805CB147743}.Debug|Any CPU.Build.0 = Debug|Any CPU
		{FC93C9E7-9AA6-41E1-A5C8-0805CB147743}.Release|Any CPU.ActiveCfg = Release|Any CPU
		{FC93C9E7-9AA6-41E1-A5C8-0805CB147743}.Release|Any CPU.Build.0 = Release|Any CPU
	EndGlobalSection
	GlobalSection(SolutionProperties) = preSolution
		HideSolutionNode = FALSE
	EndGlobalSection
	GlobalSection(ExtensibilityGlobals) = postSolution
		SolutionGuid = {C86C9B29-6630-473C-8335-8F5ABED149EF}
	EndGlobalSection
EndGlobal
